{
	"name": "@dougty/concord",
	"version": "1.0.0",
	"lockfileVersion": 1,
	"dependencies": {
		"ajv": {
			"version": "https://registry.npmjs.org/ajv/-/ajv-4.11.8.tgz",
			"integrity": "sha1-gv+wKynmYq5TvcIK8VlHcGc5xTY="
		},
		"asn1": {
			"version": "https://registry.npmjs.org/asn1/-/asn1-0.2.3.tgz",
			"integrity": "sha1-2sh4dxPJlmhJ/IGAd36+nB3fO4Y="
		},
		"assert-plus": {
			"version": "https://registry.npmjs.org/assert-plus/-/assert-plus-0.2.0.tgz",
			"integrity": "sha1-104bh+ev/A24qttwIfP+SBAasjQ="
		},
		"async": {
			"version": "https://registry.npmjs.org/async/-/async-1.5.2.tgz",
			"integrity": "sha1-7GphrlZIDAw8skHJVhjiCJL5Zyo="
		},
		"asynckit": {
			"version": "https://registry.npmjs.org/asynckit/-/asynckit-0.4.0.tgz",
			"integrity": "sha1-x57Zf380y48robyXkLzDZkdLS3k="
		},
		"aws-sign2": {
			"version": "https://registry.npmjs.org/aws-sign2/-/aws-sign2-0.6.0.tgz",
			"integrity": "sha1-FDQt0428yU0OW4fXY81jYSwOeU8="
		},
		"aws4": {
			"version": "https://registry.npmjs.org/aws4/-/aws4-1.6.0.tgz",
			"integrity": "sha1-g+9cqGCysy5KDe7e6MdxudtXRx4="
		},
		"bcrypt-pbkdf": {
			"version": "https://registry.npmjs.org/bcrypt-pbkdf/-/bcrypt-pbkdf-1.0.1.tgz",
			"integrity": "sha1-Y7xdy2EzG5K8Bf1SiVPDNGKgb40=",
			"optional": true
		},
		"boom": {
			"version": "https://registry.npmjs.org/boom/-/boom-2.10.1.tgz",
			"integrity": "sha1-OciRjO/1eZ+D+UkqhI9iWt0Mdm8="
		},
		"buffers": {
			"version": "https://registry.npmjs.org/buffers/-/buffers-0.1.1.tgz",
			"integrity": "sha1-skV5w77U1tOWru5tmorn9Ugqt7s="
		},
		"caseless": {
			"version": "https://registry.npmjs.org/caseless/-/caseless-0.12.0.tgz",
			"integrity": "sha1-G2gcIf+EAzyCZUMJBolCDRhxUdw="
		},
		"co": {
			"version": "https://registry.npmjs.org/co/-/co-4.6.0.tgz",
			"integrity": "sha1-bqa989hTrlTMuOR7+gvz+QMfsYQ="
		},
		"combined-stream": {
			"version": "https://registry.npmjs.org/combined-stream/-/combined-stream-1.0.5.tgz",
			"integrity": "sha1-k4NwpXtKUd6ix3wV1cX9+JUWQAk="
		},
		"component-emitter": {
			"version": "https://registry.npmjs.org/component-emitter/-/component-emitter-1.2.1.tgz",
			"integrity": "sha1-E3kY1teCg/ffemt8WmPhQOaUJeY="
		},
		"cookiejar": {
			"version": "https://registry.npmjs.org/cookiejar/-/cookiejar-2.0.6.tgz",
			"integrity": "sha1-Cr81atANHFohnYjURRgEbdAmrP4="
		},
		"core-util-is": {
			"version": "https://registry.npmjs.org/core-util-is/-/core-util-is-1.0.2.tgz",
			"integrity": "sha1-tf1UIgqivFq1eqtxQMlAdUUDwac="
		},
		"cryptiles": {
			"version": "https://registry.npmjs.org/cryptiles/-/cryptiles-2.0.5.tgz",
			"integrity": "sha1-O9/s3GCBR8HGcgL6KR59ylnqo7g="
		},
		"dashdash": {
			"version": "https://registry.npmjs.org/dashdash/-/dashdash-1.14.1.tgz",
			"integrity": "sha1-hTz6D3y+L+1d4gMmuN1YEDX24vA=",
			"dependencies": {
				"assert-plus": {
					"version": "https://registry.npmjs.org/assert-plus/-/assert-plus-1.0.0.tgz",
					"integrity": "sha1-8S4PPF13sLHN2RRpQuTpbB5N1SU="
				}
			}
		},
		"debug": {
			"version": "https://registry.npmjs.org/debug/-/debug-0.7.4.tgz",
			"integrity": "sha1-BuHqgILCyxTjmAbiLi9vdX+Srzk="
		},
		"delayed-stream": {
			"version": "https://registry.npmjs.org/delayed-stream/-/delayed-stream-1.0.0.tgz",
			"integrity": "sha1-3zrhmayt+31ECqrgsp4icrJOxhk="
		},
		"discordie": {
			"version": "https://registry.npmjs.org/discordie/-/discordie-0.11.0.tgz",
			"integrity": "sha1-AnSrZSyC9YN4tnY2WwoOkpSoAUU="
		},
		"double-ended-queue": {
			"version": "https://registry.npmjs.org/double-ended-queue/-/double-ended-queue-0.9.7.tgz",
			"integrity": "sha1-iuCnJl32bNw/B9zlWOlxattYarg="
		},
		"ebml": {
			"version": "https://registry.npmjs.org/ebml/-/ebml-2.2.0.tgz",
			"integrity": "sha1-It5UkQbp1bsMTTGa2rknB/bv1cM="
		},
		"ecc-jsbn": {
			"version": "https://registry.npmjs.org/ecc-jsbn/-/ecc-jsbn-0.1.1.tgz",
			"integrity": "sha1-D8c6ntXw1Tw4GTOYUj735UN3dQU=",
			"optional": true
		},
		"encoding": {
			"version": "0.1.12",
			"resolved": "https://registry.npmjs.org/encoding/-/encoding-0.1.12.tgz",
			"integrity": "sha1-U4tm8+5izRq1HsMjgp0flIDHS+s="
		},
		"event-stream": {
			"version": "https://registry.npmjs.org/event-stream/-/event-stream-0.5.3.tgz",
			"integrity": "sha1-t3uTCfcQet3+q2PwwOr9jbC9jBw="
		},
		"extend": {
			"version": "https://registry.npmjs.org/extend/-/extend-3.0.0.tgz",
			"integrity": "sha1-WkdDU7nzNT3dgXbf03uRyDpG8dQ="
		},
		"extsprintf": {
			"version": "https://registry.npmjs.org/extsprintf/-/extsprintf-1.0.2.tgz",
			"integrity": "sha1-4QgOBljjALBilJkMxw4VAiNf1VA="
		},
		"forever-agent": {
			"version": "https://registry.npmjs.org/forever-agent/-/forever-agent-0.6.1.tgz",
			"integrity": "sha1-+8cfDEGt6zf5bFd60e1C2P2sypE="
		},
		"form-data": {
			"version": "https://registry.npmjs.org/form-data/-/form-data-1.0.0-rc3.tgz",
			"integrity": "sha1-01vGLn+8KTeuePlIqqDTjZBgdXc="
		},
		"formidable": {
			"version": "https://registry.npmjs.org/formidable/-/formidable-1.0.17.tgz",
			"integrity": "sha1-71SRSQ+UM7cF+qdyScmQKa40hVk="
		},
		"getpass": {
			"version": "https://registry.npmjs.org/getpass/-/getpass-0.1.7.tgz",
			"integrity": "sha1-Xv+OPmhNVprkyysSgmBOi6YhSfo=",
			"dependencies": {
				"assert-plus": {
					"version": "https://registry.npmjs.org/assert-plus/-/assert-plus-1.0.0.tgz",
					"integrity": "sha1-8S4PPF13sLHN2RRpQuTpbB5N1SU="
				}
			}
		},
		"har-schema": {
			"version": "https://registry.npmjs.org/har-schema/-/har-schema-1.0.5.tgz",
			"integrity": "sha1-0mMTX0MwfALGAq/I/pWXDAFRNp4="
		},
		"har-validator": {
			"version": "https://registry.npmjs.org/har-validator/-/har-validator-4.2.1.tgz",
			"integrity": "sha1-M0gdDxu/9gDdID11gSpqX7oALio="
		},
		"hashish": {
			"version": "https://registry.npmjs.org/hashish/-/hashish-0.0.4.tgz",
			"integrity": "sha1-bWC8b/r3Ebav1g5CbQd5iAFOZVQ="
		},
		"hawk": {
			"version": "https://registry.npmjs.org/hawk/-/hawk-3.1.3.tgz",
			"integrity": "sha1-B4REvXwWQLD+VA0sm3PVlnjo4cQ="
		},
		"hoek": {
			"version": "https://registry.npmjs.org/hoek/-/hoek-2.16.3.tgz",
			"integrity": "sha1-ILt0A9POo5jpHcRxCo/xuCdKJe0="
		},
		"html-entities": {
			"version": "https://registry.npmjs.org/html-entities/-/html-entities-1.2.1.tgz",
			"integrity": "sha1-DfKTUfByEWNRXfueVUPl9u7VFi8="
		},
		"http-signature": {
			"version": "https://registry.npmjs.org/http-signature/-/http-signature-1.1.1.tgz",
			"integrity": "sha1-33LiZwZs0Kxn+3at+OE0qPvPkb8="
		},
		"iconv-lite": {
			"version": "0.4.18",
			"resolved": "https://registry.npmjs.org/iconv-lite/-/iconv-lite-0.4.18.tgz",
			"integrity": "sha512-sr1ZQph3UwHTR0XftSbK85OvBbxe/abLGzEnPENCQwmHf7sck8Oyu4ob3LgBxWWxRoM+QszeUyl7jbqapu2TqA=="
		},
		"inherits": {
			"version": "https://registry.npmjs.org/inherits/-/inherits-2.0.3.tgz",
			"integrity": "sha1-Yzwsg+PaQqUC9SRmAiSA9CCCYd4="
		},
		"is-stream": {
			"version": "1.1.0",
			"resolved": "https://registry.npmjs.org/is-stream/-/is-stream-1.1.0.tgz",
			"integrity": "sha1-EtSj3U5o4Lec6428hBc66A2RykQ="
		},
		"is-typedarray": {
			"version": "https://registry.npmjs.org/is-typedarray/-/is-typedarray-1.0.0.tgz",
			"integrity": "sha1-5HnICFjfDBsR3dppQPlgEfzaSpo="
		},
		"isarray": {
			"version": "https://registry.npmjs.org/isarray/-/isarray-0.0.1.tgz",
			"integrity": "sha1-ihis/Kmo9Bd+Cav8YDiTmwXR7t8="
		},
		"isstream": {
			"version": "https://registry.npmjs.org/isstream/-/isstream-0.1.2.tgz",
			"integrity": "sha1-R+Y/evVa+m+S4VAOaQ64uFKcCZo="
		},
		"jsbn": {
			"version": "https://registry.npmjs.org/jsbn/-/jsbn-0.1.1.tgz",
			"integrity": "sha1-peZUwuWi3rXyAdls77yoDA7y9RM=",
			"optional": true
		},
		"json-schema": {
			"version": "https://registry.npmjs.org/json-schema/-/json-schema-0.2.3.tgz",
			"integrity": "sha1-tIDIkuWaLwWVTOcnvT8qTogvnhM="
		},
		"json-stable-stringify": {
			"version": "https://registry.npmjs.org/json-stable-stringify/-/json-stable-stringify-1.0.1.tgz",
			"integrity": "sha1-mnWdOcXy/1A/1TAGRu1EX4jE+a8="
		},
		"json-stringify-safe": {
			"version": "https://registry.npmjs.org/json-stringify-safe/-/json-stringify-safe-5.0.1.tgz",
			"integrity": "sha1-Epai1Y/UXxmg9s4B1lcB4sc1tus="
		},
		"jsonify": {
			"version": "https://registry.npmjs.org/jsonify/-/jsonify-0.0.0.tgz",
			"integrity": "sha1-LHS27kHZPKUbe1qu6PUDYx0lKnM="
		},
		"jsprim": {
			"version": "https://registry.npmjs.org/jsprim/-/jsprim-1.4.0.tgz",
			"integrity": "sha1-o7h+QCmNjDgFUtjMdiigu5WiKRg=",
			"dependencies": {
				"assert-plus": {
					"version": "https://registry.npmjs.org/assert-plus/-/assert-plus-1.0.0.tgz",
					"integrity": "sha1-8S4PPF13sLHN2RRpQuTpbB5N1SU="
				}
			}
		},
		"m3u8stream": {
			"version": "https://registry.npmjs.org/m3u8stream/-/m3u8stream-0.1.2.tgz",
			"integrity": "sha1-3QmBYu7ggO1at3BbPJIyQuJzkjw="
		},
		"methods": {
			"version": "https://registry.npmjs.org/methods/-/methods-1.1.2.tgz",
			"integrity": "sha1-VSmk1nZUE07cxSZmVoNbD4Ua/O4="
		},
		"mime": {
			"version": "https://registry.npmjs.org/mime/-/mime-1.3.4.tgz",
			"integrity": "sha1-EV+eO2s9rylZmDyzjxSaLUDrXVM="
		},
		"mime-db": {
			"version": "https://registry.npmjs.org/mime-db/-/mime-db-1.27.0.tgz",
			"integrity": "sha1-gg9XIpa70g7CXtVeW13oaeVDbrE="
		},
		"mime-types": {
			"version": "https://registry.npmjs.org/mime-types/-/mime-types-2.1.15.tgz",
			"integrity": "sha1-pOv1BkCUVpI3uM9wBGd20J/JKu0="
		},
		"miniget": {
			"version": "https://registry.npmjs.org/miniget/-/miniget-1.0.0.tgz",
			"integrity": "sha1-AZdDJkszeGxFn4F9+BSCZj30lBo="
		},
		"minimist": {
			"version": "https://registry.npmjs.org/minimist/-/minimist-0.0.8.tgz",
			"integrity": "sha1-hX/Kv8M5fSYluCKCYuhqp6ARsF0="
		},
		"mkdirp": {
			"version": "https://registry.npmjs.org/mkdirp/-/mkdirp-0.5.1.tgz",
			"integrity": "sha1-MAV0OOrGz3+MR2fzhkjWaX11yQM="
		},
		"moment": {
			"version": "https://registry.npmjs.org/moment/-/moment-2.18.1.tgz",
			"integrity": "sha1-w2GT3Tzhwu7SrbfIAtu8d6gbHA8="
		},
		"moment-duration-format": {
			"version": "https://registry.npmjs.org/moment-duration-format/-/moment-duration-format-1.3.0.tgz",
			"integrity": "sha1-VBdxtfh6BJzGVUBHXTrZZnN9aQg="
		},
		"ms": {
			"version": "https://registry.npmjs.org/ms/-/ms-2.0.0.tgz",
			"integrity": "sha1-VgiurfwAvmwpAd9fmGF4jeDVl8g="
		},
		"node-fetch": {
			"version": "1.7.1",
			"resolved": "https://registry.npmjs.org/node-fetch/-/node-fetch-1.7.1.tgz",
			"integrity": "sha512-j8XsFGCLw79vWXkZtMSmmLaOk9z5SQ9bV/tkbZVCqvgwzrjAGq66igobLofHtF63NvMTp2WjytpsNTGKa+XRIQ=="
		},
		"oauth-sign": {
			"version": "https://registry.npmjs.org/oauth-sign/-/oauth-sign-0.8.2.tgz",
			"integrity": "sha1-Rqarfwrq2N6unsBWV4C31O/rnUM="
		},
		"object-keys": {
			"version": "https://registry.npmjs.org/object-keys/-/object-keys-0.4.0.tgz",
			"integrity": "sha1-KKaq50KN0sOpLz2V8hM13SBOAzY="
		},
		"optimist": {
			"version": "https://registry.npmjs.org/optimist/-/optimist-0.2.8.tgz",
			"integrity": "sha1-6YGrfiaLRXlIWTtVZ0wJmoFcrDE="
		},
		"options": {
			"version": "https://registry.npmjs.org/options/-/options-0.0.6.tgz",
			"integrity": "sha1-7CLTEoBrtT5zF3Pnza788cZDEo8="
		},
		"pako": {
			"version": "https://registry.npmjs.org/pako/-/pako-0.2.9.tgz",
			"integrity": "sha1-8/dSL073gjSNqBYbrZ7P1Rv4OnU="
		},
		"performance-now": {
			"version": "https://registry.npmjs.org/performance-now/-/performance-now-0.2.0.tgz",
			"integrity": "sha1-M+8wxcd9TqIcWlOGnZG1bY8lVeU="
		},
		"ps-tree": {
			"version": "https://registry.npmjs.org/ps-tree/-/ps-tree-0.0.3.tgz",
			"integrity": "sha1-2/jXUqf+Ivp9WGNWiUmWEOknbdw="
		},
		"punycode": {
			"version": "https://registry.npmjs.org/punycode/-/punycode-1.4.1.tgz",
			"integrity": "sha1-wNWmOycYgArY4esPpSachN1BhF4="
		},
		"qs": {
			"version": "https://registry.npmjs.org/qs/-/qs-2.3.3.tgz",
			"integrity": "sha1-6eha2+ddoLvkyOBHaghikPhjtAQ="
		},
		"readable-stream": {
			"version": "https://registry.npmjs.org/readable-stream/-/readable-stream-1.0.27-1.tgz",
			"integrity": "sha1-a2eYPCA1fO/QfwFlABoW1xDZEHg="
		},
		"reduce-component": {
			"version": "https://registry.npmjs.org/reduce-component/-/reduce-component-1.0.1.tgz",
			"integrity": "sha1-4Mk1QsV0UhvqE98PlIjtgqt3xdo="
		},
		"request": {
			"version": "https://registry.npmjs.org/request/-/request-2.81.0.tgz",
			"integrity": "sha1-xpKJRqDgbF+Nb4qTM0af/aRimKA=",
			"dependencies": {
				"form-data": {
					"version": "https://registry.npmjs.org/form-data/-/form-data-2.1.4.tgz",
					"integrity": "sha1-M8GDrPGTJ27KqYFDpp6Uv+4XUNE="
				},
				"qs": {
					"version": "https://registry.npmjs.org/qs/-/qs-6.4.0.tgz",
					"integrity": "sha1-E+JtKK1rD/qpExLNO/cI7TUecjM="
				}
			}
		},
		"requireindex": {
			"version": "https://registry.npmjs.org/requireindex/-/requireindex-1.1.0.tgz",
			"integrity": "sha1-5UBLgVV+91225JxacgBIk/4D4WI="
		},
		"respawn": {
			"version": "https://registry.npmjs.org/respawn/-/respawn-2.5.0.tgz",
			"integrity": "sha1-nfCymMOIaBPTa3qatNeOoiWLcdU="
		},
		"safe-buffer": {
			"version": "https://registry.npmjs.org/safe-buffer/-/safe-buffer-5.1.0.tgz",
			"integrity": "sha1-/kyEYDl/nqqqWOc75GJzQIpF4iM="
		},
		"sax": {
			"version": "https://registry.npmjs.org/sax/-/sax-1.2.2.tgz",
			"integrity": "sha1-/YYxojvHgmvvXYcb24c3jJVkeCg="
		},
		"sntp": {
			"version": "https://registry.npmjs.org/sntp/-/sntp-1.0.9.tgz",
			"integrity": "sha1-ZUEYTMkK7qbG57NeJlkIJEPGYZg="
		},
		"sshpk": {
			"version": "https://registry.npmjs.org/sshpk/-/sshpk-1.13.1.tgz",
			"integrity": "sha1-US322mKHFEMW3EwY/hzx2UBzm+M=",
			"dependencies": {
				"assert-plus": {
					"version": "https://registry.npmjs.org/assert-plus/-/assert-plus-1.0.0.tgz",
					"integrity": "sha1-8S4PPF13sLHN2RRpQuTpbB5N1SU="
				}
			}
		},
		"streamify": {
			"version": "https://registry.npmjs.org/streamify/-/streamify-0.2.8.tgz",
			"integrity": "sha1-qoEz7PQfcgc9yVYRHvI7rhzQ+60="
		},
		"string_decoder": {
			"version": "https://registry.npmjs.org/string_decoder/-/string_decoder-0.10.31.tgz",
			"integrity": "sha1-YuIDvEF2bGwoyfyEMB2rHFMQ+pQ="
		},
		"stringstream": {
			"version": "https://registry.npmjs.org/stringstream/-/stringstream-0.0.5.tgz",
			"integrity": "sha1-TkhM1N5aC7vuGORjB3EKioFiGHg="
		},
		"superagent": {
			"version": "https://registry.npmjs.org/superagent/-/superagent-1.8.5.tgz",
			"integrity": "sha1-HA3cOvMOgOuE68BcshItqP6UC1U=",
			"dependencies": {
				"debug": {
					"version": "https://registry.npmjs.org/debug/-/debug-2.6.8.tgz",
					"integrity": "sha1-5zFTHKLt4n0YgiJCfaF4IdaP9Pw="
				}
			}
		},
		"tough-cookie": {
			"version": "https://registry.npmjs.org/tough-cookie/-/tough-cookie-2.3.2.tgz",
			"integrity": "sha1-8IH3bkyFcg5sN6X6ztc3FQ2EByo="
		},
		"traverse": {
			"version": "https://registry.npmjs.org/traverse/-/traverse-0.6.6.tgz",
			"integrity": "sha1-y99WD9e5r2MlAv7UD5GMFX6pcTc="
		},
		"tunnel-agent": {
			"version": "https://registry.npmjs.org/tunnel-agent/-/tunnel-agent-0.6.0.tgz",
			"integrity": "sha1-J6XeoGs2sEoKmWZ3SykIaPD8QP0="
		},
		"tweetnacl": {
			"version": "https://registry.npmjs.org/tweetnacl/-/tweetnacl-0.14.5.tgz",
			"integrity": "sha1-WuaBd/GS1EViadEIr6k/+HQ/T2Q="
		},
		"ultron": {
			"version": "https://registry.npmjs.org/ultron/-/ultron-1.0.2.tgz",
			"integrity": "sha1-rOEWq1V80Zc4ak6I9GhTeMiy5Po="
		},
		"uuid": {
			"version": "https://registry.npmjs.org/uuid/-/uuid-3.0.1.tgz",
			"integrity": "sha1-ZUS7ot/ajBzxfmKaOjBeK7H+5sE="
		},
		"verror": {
			"version": "https://registry.npmjs.org/verror/-/verror-1.3.6.tgz",
			"integrity": "sha1-z/XfEpRtKX0rqu+qJoniW+AcAFw="
		},
		"wordwrap": {
			"version": "https://registry.npmjs.org/wordwrap/-/wordwrap-0.0.3.tgz",
			"integrity": "sha1-o9XabNXAvAAI03I0u68b7WMFkQc="
		},
		"ws": {
			"version": "https://registry.npmjs.org/ws/-/ws-1.1.4.tgz",
			"integrity": "sha1-V/QNA2gy5fUFVmKjl8Tedu1mv2E="
		},
		"xtend": {
			"version": "https://registry.npmjs.org/xtend/-/xtend-2.1.2.tgz",
			"integrity": "sha1-bv7MKk2tjmlixJAbM3znuoe10os="
		},
		"youtube-dl": {
			"version": "https://registry.npmjs.org/youtube-dl/-/youtube-dl-1.11.1.tgz",
			"integrity": "sha1-yOO3SVEYLcXFig0c1b5Us1YnG9I="
		},
		"ytdl-core": {
			"version": "0.14.4",
			"resolved": "https://registry.npmjs.org/ytdl-core/-/ytdl-core-0.14.4.tgz",
			"integrity": "sha512-ZyTrTxldnic53O1Mp0AuQYY0TXwl7sSMsjC58GbCD1fsIPMBhu3jR8b3oBm+XghpojkNCPWd4L+YXA45F39JHQ=="
		}
	}
}
